
Microsoft Visual Studio Solution File, Format Version 12.00
# Visual Studio Version 17
VisualStudioVersion = 17.0.31903.59
MinimumVisualStudioVersion = 10.0.40219.1
Project("{9A19103F-16F7-4668-BE54-9A1E7A4F7556}") = "RealRender.IdentityService", "RealRender.IdentityService\RealRender.IdentityService.csproj", "{6417C013-DA3D-4508-AB56-72D4D0544F88}"
EndProject
Project("{E53339B2-1760-4266-BCC7-CA923CBCF16C}") = "docker-compose", "docker-compose.dcproj", "{7D92F6FC-D344-4A05-9DCA-4187629BB6CD}"
EndProject
Global
	GlobalSection(SolutionConfigurationPlatforms) = preSolution
		Debug|Any CPU = Debug|Any CPU
		Release|Any CPU = Release|Any CPU
	EndGlobalSection
	GlobalSection(ProjectConfigurationPlatforms) = postSolution
		{6417C013-DA3D-4508-AB56-72D4D0544F88}.Debug|Any CPU.ActiveCfg = Debug|Any CPU
		{6417C013-DA3D-4508-AB56-72D4D0544F88}.Debug|Any CPU.Build.0 = Debug|Any CPU
		{6417C013-DA3D-4508-AB56-72D4D0544F88}.Release|Any CPU.ActiveCfg = Release|Any CPU
		{6417C013-DA3D-4508-AB56-72D4D0544F88}.Release|Any CPU.Build.0 = Release|Any CPU
		{7D92F6FC-D344-4A05-9DCA-4187629BB6CD}.Debug|Any CPU.ActiveCfg = Debug|Any CPU
		{7D92F6FC-D344-4A05-9DCA-4187629BB6CD}.Debug|Any CPU.Build.0 = Debug|Any CPU
		{7D92F6FC-D344-4A05-9DCA-4187629BB6CD}.Release|Any CPU.ActiveCfg = Release|Any CPU
		{7D92F6FC-D344-4A05-9DCA-4187629BB6CD}.Release|Any CPU.Build.0 = Release|Any CPU
	EndGlobalSection
	GlobalSection(SolutionProperties) = preSolution
		HideSolutionNode = FALSE
	EndGlobalSection
	GlobalSection(ExtensibilityGlobals) = postSolution
		SolutionGuid = {E571ADD1-4987-4409-8192-920AB9CB872C}
	EndGlobalSection
EndGlobal
